
Microsoft Visual Studio Solution File, Format Version 12.00
# Visual Studio Version 16
VisualStudioVersion = 16.0.29911.84
MinimumVisualStudioVersion = 10.0.40219.1
Project("{9092AA53-FB77-4645-B42D-1CCCA6BD08BD}") = "CotizacionEspirituosa", "CotizacionEspirituosa.njsproj", "{8177F37F-1DE1-4ED5-9E44-1080FF645455}"
EndProject
Global
	GlobalSection(SolutionConfigurationPlatforms) = preSolution
		Debug|Any CPU = Debug|Any CPU
		Release|Any CPU = Release|Any CPU
	EndGlobalSection
	GlobalSection(ProjectConfigurationPlatforms) = postSolution
		{8177F37F-1DE1-4ED5-9E44-1080FF645455}.Debug|Any CPU.ActiveCfg = Debug|Any CPU
		{8177F37F-1DE1-4ED5-9E44-1080FF645455}.Debug|Any CPU.Build.0 = Debug|Any CPU
		{8177F37F-1DE1-4ED5-9E44-1080FF645455}.Release|Any CPU.ActiveCfg = Release|Any CPU
		{8177F37F-1DE1-4ED5-9E44-1080FF645455}.Release|Any CPU.Build.0 = Release|Any CPU
	EndGlobalSection
	GlobalSection(SolutionProperties) = preSolution
		HideSolutionNode = FALSE
	EndGlobalSection
	GlobalSection(ExtensibilityGlobals) = postSolution
		SolutionGuid = {30EB9830-21CF-4333-9BFF-6C094D09C9D4}
	EndGlobalSection
EndGlobal
